
Microsoft Visual Studio Solution File, Format Version 12.00
# Visual Studio Version 16
VisualStudioVersion = 16.0.30711.63
MinimumVisualStudioVersion = 10.0.40219.1
Project("{FAE04EC0-301F-11D3-BF4B-00C04F79EFBC}") = "ES.Api", "ES.Api\ES.Api.csproj", "{486E8908-E45B-43F6-9312-C6463CBF54D5}"
EndProject
Global
	GlobalSection(SolutionConfigurationPlatforms) = preSolution
		Debug|Any CPU = Debug|Any CPU
		Release|Any CPU = Release|Any CPU
	EndGlobalSection
	GlobalSection(ProjectConfigurationPlatforms) = postSolution
		{486E8908-E45B-43F6-9312-C6463CBF54D5}.Debug|Any CPU.ActiveCfg = Debug|Any CPU
		{486E8908-E45B-43F6-9312-C6463CBF54D5}.Debug|Any CPU.Build.0 = Debug|Any CPU
		{486E8908-E45B-43F6-9312-C6463CBF54D5}.Release|Any CPU.ActiveCfg = Release|Any CPU
		{486E8908-E45B-43F6-9312-C6463CBF54D5}.Release|Any CPU.Build.0 = Release|Any CPU
	EndGlobalSection
	GlobalSection(SolutionProperties) = preSolution
		HideSolutionNode = FALSE
	EndGlobalSection
	GlobalSection(ExtensibilityGlobals) = postSolution
		SolutionGuid = {5D107855-A14E-4BD7-8560-FC73C683BF9E}
	EndGlobalSection
EndGlobal
